<?xml version="1.0" encoding="utf-8"?>
<Project ToolsVersion="4.0" xmlns="http://schemas.microsoft.com/developer/msbuild/2003">
  <ItemGroup>
    <ClCompile Include="BlockDescriptor.cpp" />
    <ClCompile Include="BlockDescriptorList.cpp" />
    <ClCompile Include="EngineTestSuite.cpp" />
    <ClCompile Include="GameObject.cpp" />
    <ClCompile Include="MemoryAllocator.cpp" />
    <ClCompile Include="MemoryAllocatorTest.cpp" />
    <ClCompile Include="Utility.cpp" />
    <ClCompile Include="Vector2D.cpp" />
  </ItemGroup>
  <ItemGroup>
<<<<<<< HEAD
    <ClInclude Include="BlockDescriptor.h" />
    <ClInclude Include="BlockDescriptorList.h" />
    <ClInclude Include="Debug.h" />
    <ClInclude Include="EngineTestSuite.h" />
    <ClInclude Include="GameObject.h" />
    <ClInclude Include="IGameObjectController.h" />
    <ClInclude Include="MemoryAllocator.h" />
    <ClInclude Include="MemoryAllocatorTest.h" />
    <ClInclude Include="Utility.h" />
    <ClInclude Include="Vector2D.h" />
  </ItemGroup>
  <ItemGroup>
    <Text Include="ReadMe.txt" />
=======
    <Text Include="ReadMe.txt" />
  </ItemGroup>
  <ItemGroup>
    <ClInclude Include="GameObject.h">
      <Filter>Header Files</Filter>
    </ClInclude>
    <ClInclude Include="Vector2D.h">
      <Filter>Header Files</Filter>
    </ClInclude>
    <ClInclude Include="Debug.h">
      <Filter>Header Files</Filter>
    </ClInclude>
    <ClInclude Include="MemoryAllocator.h">
      <Filter>Header Files</Filter>
    </ClInclude>
    <ClInclude Include="BlockDescriptor.h">
      <Filter>Header Files</Filter>
    </ClInclude>
    <ClInclude Include="BlockDescriptorList.h">
      <Filter>Header Files</Filter>
    </ClInclude>
    <ClInclude Include="MemoryAllocatorTest.h">
      <Filter>Header Files</Filter>
    </ClInclude>
    <ClInclude Include="EngineTestSuite.h">
      <Filter>Header Files</Filter>
    </ClInclude>
    <ClInclude Include="IGameObjectController.h">
      <Filter>Header Files</Filter>
    </ClInclude>
<<<<<<< HEAD
    <ClInclude Include="Allocators.h">
=======
    <ClInclude Include="Utility.h">
>>>>>>> origin/dev
      <Filter>Header Files</Filter>
    </ClInclude>
  </ItemGroup>
  <ItemGroup>
    <ClCompile Include="GameObject.cpp">
      <Filter>Source Files</Filter>
    </ClCompile>
    <ClCompile Include="Vector2D.cpp">
      <Filter>Source Files</Filter>
    </ClCompile>
    <ClCompile Include="MemoryAllocator.cpp">
      <Filter>Source Files</Filter>
    </ClCompile>
    <ClCompile Include="BlockDescriptor.cpp">
      <Filter>Source Files</Filter>
    </ClCompile>
    <ClCompile Include="BlockDescriptorList.cpp">
      <Filter>Source Files</Filter>
    </ClCompile>
    <ClCompile Include="MemoryAllocatorTest.cpp">
      <Filter>Source Files</Filter>
    </ClCompile>
    <ClCompile Include="EngineTestSuite.cpp">
      <Filter>Source Files</Filter>
    </ClCompile>
<<<<<<< HEAD
    <ClCompile Include="Allocators.cpp">
=======
    <ClCompile Include="Utility.cpp">
>>>>>>> origin/dev
      <Filter>Source Files</Filter>
    </ClCompile>
>>>>>>> 6f0ac5e8a6903db0c48ee14ec8c2582faa3f7a81
  </ItemGroup>
</Project>