<?xml version="1.0" encoding="utf-8"?>
<Project ToolsVersion="4.0" xmlns="http://schemas.microsoft.com/developer/msbuild/2003">
  <ItemGroup>
    <ClCompile Include="GameObject.cpp" />
    <ClCompile Include="Utility.cpp" />
    <ClCompile Include="SmartPointer.cpp" />
    <ClCompile Include="WeakPointer.cpp" />
    <ClCompile Include="ObjectManager.cpp" />
    <ClCompile Include="StringPool.cpp" />
    <ClCompile Include="HashedString.cpp" />
    <ClCompile Include="PooledString.cpp" />
    <ClCompile Include="Test\Matrix4x4UnitTest.cpp" />
    <ClCompile Include="Test\MemoryAllocatorTest.cpp" />
    <ClCompile Include="Test\MemoryAllocatorUnitTest.cpp" />
    <ClCompile Include="Test\SmartPointerUnitTest.cpp" />
    <ClCompile Include="Test\StringPoolUnitTest.cpp" />
    <ClCompile Include="MemoryManager\BitArray.cpp" />
    <ClCompile Include="MemoryManager\BlockDescriptor.cpp" />
    <ClCompile Include="MemoryManager\BlockDescriptorList.cpp" />
    <ClCompile Include="MemoryManager\FixedSizeAllocator.cpp" />
    <ClCompile Include="MemoryManager\MemoryAllocator.cpp" />
    <ClCompile Include="Test\EngineTestSuite.cpp" />
    <ClCompile Include="Math\Matrix4x4.cpp" />
    <ClCompile Include="Math\Vector2D.cpp" />
    <ClCompile Include="Math\Vector3D.cpp" />
    <ClCompile Include="Math\Vector4D.cpp" />
    <ClCompile Include="Physics\PhysicsWorld.cpp" />
  </ItemGroup>
  <ItemGroup>
    <ClInclude Include="Debug.h" />
    <ClInclude Include="GameObject.h" />
    <ClInclude Include="IGameObjectController.h" />
    <ClInclude Include="Utility.h" />
    <ClInclude Include="Graphics.h" />
    <ClInclude Include="SmartPointer.h" />
    <ClInclude Include="WeakPointer.h" />
    <ClInclude Include="ObjectManager.h" />
    <ClInclude Include="StringPool.h" />
    <ClInclude Include="HashedString.h" />
    <ClInclude Include="PooledString.h" />
    <ClInclude Include="Test\Matrix4x4UnitTest.h" />
    <ClInclude Include="Test\MemoryAllocatorTest.h" />
    <ClInclude Include="Test\MemoryAllocatorUnitTest.h" />
    <ClInclude Include="Test\SmartPointerUnitTest.h" />
    <ClInclude Include="Test\StringPoolUnitTest.h" />
    <ClInclude Include="MemoryManager\BitArray.h" />
    <ClInclude Include="MemoryManager\BlockDescriptor.h" />
    <ClInclude Include="MemoryManager\BlockDescriptorList.h" />
    <ClInclude Include="MemoryManager\FixedSizeAllocator.h" />
    <ClInclude Include="MemoryManager\MemoryAllocator.h" />
    <ClInclude Include="Test\EngineTestSuite.h" />
    <ClInclude Include="Math\Matrix4x4.h" />
    <ClInclude Include="Math\Vector2D.h" />
    <ClInclude Include="Math\Vector3D.h" />
    <ClInclude Include="Math\Vector4D.h" />
    <ClInclude Include="Physics\PhysicsWorld.h" />
  </ItemGroup>
  <ItemGroup>
    <Filter Include="Unit Tests">
      <UniqueIdentifier>{893b7374-1811-44a1-972f-7664ee565129}</UniqueIdentifier>
    </Filter>
  </ItemGroup>
</Project>