
Microsoft Visual Studio Solution File, Format Version 12.00
# Visual Studio 14
VisualStudioVersion = 14.0.25420.1
MinimumVisualStudioVersion = 10.0.40219.1
Project("{8BC9CEB8-8B4A-11D0-8D11-00A0C91BC942}") = "MonsterChaseGame", "MonsterChase\MonsterChase.vcxproj", "{13CB0514-2455-4B40-BB27-C6F797871F5E}"
	ProjectSection(ProjectDependencies) = postProject
		{1D1B8B1F-C41F-4F80-9C8D-E3D0CFD0E516} = {1D1B8B1F-C41F-4F80-9C8D-E3D0CFD0E516}
		{B2AB67DE-B7FA-42BA-B060-959487392AEA} = {B2AB67DE-B7FA-42BA-B060-959487392AEA}
	EndProjectSection
EndProject
Project("{8BC9CEB8-8B4A-11D0-8D11-00A0C91BC942}") = "Engine", "Engine\Engine.vcxproj", "{1D1B8B1F-C41F-4F80-9C8D-E3D0CFD0E516}"
EndProject
Project("{8BC9CEB8-8B4A-11D0-8D11-00A0C91BC942}") = "GLib", "GLib\GLib.vcxproj", "{B2AB67DE-B7FA-42BA-B060-959487392AEA}"
EndProject
Global
	GlobalSection(SolutionConfigurationPlatforms) = preSolution
		Debug|x64 = Debug|x64
		Debug|x86 = Debug|x86
		Release|x64 = Release|x64
		Release|x86 = Release|x86
	EndGlobalSection
	GlobalSection(ProjectConfigurationPlatforms) = postSolution
		{13CB0514-2455-4B40-BB27-C6F797871F5E}.Debug|x64.ActiveCfg = Debug|x64
		{13CB0514-2455-4B40-BB27-C6F797871F5E}.Debug|x64.Build.0 = Debug|x64
		{13CB0514-2455-4B40-BB27-C6F797871F5E}.Debug|x86.ActiveCfg = Debug|Win32
		{13CB0514-2455-4B40-BB27-C6F797871F5E}.Debug|x86.Build.0 = Debug|Win32
		{13CB0514-2455-4B40-BB27-C6F797871F5E}.Release|x64.ActiveCfg = Release|x64
		{13CB0514-2455-4B40-BB27-C6F797871F5E}.Release|x64.Build.0 = Release|x64
		{13CB0514-2455-4B40-BB27-C6F797871F5E}.Release|x86.ActiveCfg = Release|Win32
		{13CB0514-2455-4B40-BB27-C6F797871F5E}.Release|x86.Build.0 = Release|Win32
		{1D1B8B1F-C41F-4F80-9C8D-E3D0CFD0E516}.Debug|x64.ActiveCfg = Debug|x64
		{1D1B8B1F-C41F-4F80-9C8D-E3D0CFD0E516}.Debug|x64.Build.0 = Debug|x64
		{1D1B8B1F-C41F-4F80-9C8D-E3D0CFD0E516}.Debug|x86.ActiveCfg = Debug|Win32
		{1D1B8B1F-C41F-4F80-9C8D-E3D0CFD0E516}.Debug|x86.Build.0 = Debug|Win32
		{1D1B8B1F-C41F-4F80-9C8D-E3D0CFD0E516}.Release|x64.ActiveCfg = Release|x64
		{1D1B8B1F-C41F-4F80-9C8D-E3D0CFD0E516}.Release|x64.Build.0 = Release|x64
		{1D1B8B1F-C41F-4F80-9C8D-E3D0CFD0E516}.Release|x86.ActiveCfg = Release|Win32
		{1D1B8B1F-C41F-4F80-9C8D-E3D0CFD0E516}.Release|x86.Build.0 = Release|Win32
		{B2AB67DE-B7FA-42BA-B060-959487392AEA}.Debug|x64.ActiveCfg = Debug|x64
		{B2AB67DE-B7FA-42BA-B060-959487392AEA}.Debug|x64.Build.0 = Debug|x64
		{B2AB67DE-B7FA-42BA-B060-959487392AEA}.Debug|x86.ActiveCfg = Debug|Win32
		{B2AB67DE-B7FA-42BA-B060-959487392AEA}.Debug|x86.Build.0 = Debug|Win32
		{B2AB67DE-B7FA-42BA-B060-959487392AEA}.Release|x64.ActiveCfg = Release|x64
		{B2AB67DE-B7FA-42BA-B060-959487392AEA}.Release|x64.Build.0 = Release|x64
		{B2AB67DE-B7FA-42BA-B060-959487392AEA}.Release|x86.ActiveCfg = Release|Win32
		{B2AB67DE-B7FA-42BA-B060-959487392AEA}.Release|x86.Build.0 = Release|Win32
	EndGlobalSection
	GlobalSection(SolutionProperties) = preSolution
		HideSolutionNode = FALSE
	EndGlobalSection
EndGlobal
